// !$*UTF8*$!
{
	archiveVersion = 1;
	classes = {
	};
	objectVersion = 50;
	objects = {

/* Begin PBXBuildFile section */
		63748D86269F1C0F00DCDC37 /* AppDelegate.swift in Sources */ = {isa = PBXBuildFile; fileRef = 63748D85269F1C0F00DCDC37 /* AppDelegate.swift */; };
		63748D8A269F1C0F00DCDC37 /* HMFMainViewController.swift in Sources */ = {isa = PBXBuildFile; fileRef = 63748D89269F1C0F00DCDC37 /* HMFMainViewController.swift */; };
		63748D8D269F1C0F00DCDC37 /* Main.storyboard in Resources */ = {isa = PBXBuildFile; fileRef = 63748D8B269F1C0F00DCDC37 /* Main.storyboard */; };
		63748D8F269F1C1100DCDC37 /* Assets.xcassets in Resources */ = {isa = PBXBuildFile; fileRef = 63748D8E269F1C1100DCDC37 /* Assets.xcassets */; };
		63748D92269F1C1100DCDC37 /* LaunchScreen.storyboard in Resources */ = {isa = PBXBuildFile; fileRef = 63748D90269F1C1100DCDC37 /* LaunchScreen.storyboard */; };
		63748DA4269F264800DCDC37 /* HMFModel.swift in Sources */ = {isa = PBXBuildFile; fileRef = 63748DA3269F264800DCDC37 /* HMFModel.swift */; };
		63748DA7269F27AB00DCDC37 /* HMFEnvironmentManager.swift in Sources */ = {isa = PBXBuildFile; fileRef = 63748DA6269F27AB00DCDC37 /* HMFEnvironmentManager.swift */; };
		63748F2A269F41BF00DCDC37 /* ThreadExtension.swift in Sources */ = {isa = PBXBuildFile; fileRef = 63748F29269F41BF00DCDC37 /* ThreadExtension.swift */; };
		63748F2F269F4B3C00DCDC37 /* HMFRoundCornersButton.swift in Sources */ = {isa = PBXBuildFile; fileRef = 63748F2E269F4B3C00DCDC37 /* HMFRoundCornersButton.swift */; };
		63748F32269F585500DCDC37 /* HMFMainViews.swift in Sources */ = {isa = PBXBuildFile; fileRef = 63748F31269F585500DCDC37 /* HMFMainViews.swift */; };
		63748F34269F62EF00DCDC37 /* HMFProfileViewController.swift in Sources */ = {isa = PBXBuildFile; fileRef = 63748F33269F62EF00DCDC37 /* HMFProfileViewController.swift */; };
		63748F38269F680C00DCDC37 /* HMFBaseUIViewController.swift in Sources */ = {isa = PBXBuildFile; fileRef = 63748F37269F680C00DCDC37 /* HMFBaseUIViewController.swift */; };
		63748F3A269F684000DCDC37 /* UIViewControllerExtension.swift in Sources */ = {isa = PBXBuildFile; fileRef = 63748F39269F684000DCDC37 /* UIViewControllerExtension.swift */; };
		63748F3C269F6DFB00DCDC37 /* UIImageExtension.swift in Sources */ = {isa = PBXBuildFile; fileRef = 63748F3B269F6DFB00DCDC37 /* UIImageExtension.swift */; };
		63748F3E269F715100DCDC37 /* UIColorEstension.swift in Sources */ = {isa = PBXBuildFile; fileRef = 63748F3D269F715100DCDC37 /* UIColorEstension.swift */; };
		63748F40269F74C500DCDC37 /* UIImageViewExtansion.swift in Sources */ = {isa = PBXBuildFile; fileRef = 63748F3F269F74C500DCDC37 /* UIImageViewExtansion.swift */; };
		63748F49269F8B2F00DCDC37 /* HMFProfileHeaderCell.swift in Sources */ = {isa = PBXBuildFile; fileRef = 63748F47269F8B2F00DCDC37 /* HMFProfileHeaderCell.swift */; };
		63748F4A269F8B2F00DCDC37 /* HMFProfileHeaderCell.xib in Resources */ = {isa = PBXBuildFile; fileRef = 63748F48269F8B2F00DCDC37 /* HMFProfileHeaderCell.xib */; };
		63748F4E269F8D5500DCDC37 /* UIViewExtension.swift in Sources */ = {isa = PBXBuildFile; fileRef = 63748F4D269F8D5500DCDC37 /* UIViewExtension.swift */; };
		63748F50269F963C00DCDC37 /* HMFPostCell.swift in Sources */ = {isa = PBXBuildFile; fileRef = 63748F4F269F963C00DCDC37 /* HMFPostCell.swift */; };
		63748F52269F96AC00DCDC37 /* HMFProfileFilterCell.swift in Sources */ = {isa = PBXBuildFile; fileRef = 63748F51269F96AC00DCDC37 /* HMFProfileFilterCell.swift */; };
		63748F54269F973200DCDC37 /* HMFProfileFilterView.swift in Sources */ = {isa = PBXBuildFile; fileRef = 63748F53269F973100DCDC37 /* HMFProfileFilterView.swift */; };
		63748FD6269F97E300DCDC37 /* HMFCalculatUtil.swift in Sources */ = {isa = PBXBuildFile; fileRef = 63748FD5269F97E300DCDC37 /* HMFCalculatUtil.swift */; };
		63748FDB269FE8D500DCDC37 /* UserDefaultWrapped.swift in Sources */ = {isa = PBXBuildFile; fileRef = 63748FDA269FE8D500DCDC37 /* UserDefaultWrapped.swift */; };
		63748FDD269FEFCC00DCDC37 /* HMFRoundCornersImageView.swift in Sources */ = {isa = PBXBuildFile; fileRef = 63748FDC269FEFCC00DCDC37 /* HMFRoundCornersImageView.swift */; };
		63748FDF269FF2E300DCDC37 /* HMFInfoLabelView.swift in Sources */ = {isa = PBXBuildFile; fileRef = 63748FDE269FF2E300DCDC37 /* HMFInfoLabelView.swift */; };
		63748FE1269FF2E900DCDC37 /* HMFInfoLabelView.xib in Resources */ = {isa = PBXBuildFile; fileRef = 63748FE0269FF2E900DCDC37 /* HMFInfoLabelView.xib */; };
/* End PBXBuildFile section */

/* Begin PBXFileReference section */
		63748D82269F1C0F00DCDC37 /* HelloMyFood.app */ = {isa = PBXFileReference; explicitFileType = wrapper.application; includeInIndex = 0; path = HelloMyFood.app; sourceTree = BUILT_PRODUCTS_DIR; };
		63748D85269F1C0F00DCDC37 /* AppDelegate.swift */ = {isa = PBXFileReference; lastKnownFileType = sourcecode.swift; path = AppDelegate.swift; sourceTree = "<group>"; };
		63748D89269F1C0F00DCDC37 /* HMFMainViewController.swift */ = {isa = PBXFileReference; lastKnownFileType = sourcecode.swift; path = HMFMainViewController.swift; sourceTree = "<group>"; };
		63748D8C269F1C0F00DCDC37 /* Base */ = {isa = PBXFileReference; lastKnownFileType = file.storyboard; name = Base; path = Base.lproj/Main.storyboard; sourceTree = "<group>"; };
		63748D8E269F1C1100DCDC37 /* Assets.xcassets */ = {isa = PBXFileReference; lastKnownFileType = folder.assetcatalog; path = Assets.xcassets; sourceTree = "<group>"; };
		63748D91269F1C1100DCDC37 /* Base */ = {isa = PBXFileReference; lastKnownFileType = file.storyboard; name = Base; path = Base.lproj/LaunchScreen.storyboard; sourceTree = "<group>"; };
		63748D93269F1C1100DCDC37 /* Info.plist */ = {isa = PBXFileReference; lastKnownFileType = text.plist.xml; path = Info.plist; sourceTree = "<group>"; };
		63748D9F269F1D1800DCDC37 /* HelloMyFood-Bridging-Header.h */ = {isa = PBXFileReference; lastKnownFileType = sourcecode.c.h; path = "HelloMyFood-Bridging-Header.h"; sourceTree = "<group>"; };
		63748DA3269F264800DCDC37 /* HMFModel.swift */ = {isa = PBXFileReference; lastKnownFileType = sourcecode.swift; path = HMFModel.swift; sourceTree = "<group>"; };
		63748DA6269F27AB00DCDC37 /* HMFEnvironmentManager.swift */ = {isa = PBXFileReference; lastKnownFileType = sourcecode.swift; path = HMFEnvironmentManager.swift; sourceTree = "<group>"; };
		63748F29269F41BF00DCDC37 /* ThreadExtension.swift */ = {isa = PBXFileReference; lastKnownFileType = sourcecode.swift; path = ThreadExtension.swift; sourceTree = "<group>"; };
		63748F2E269F4B3C00DCDC37 /* HMFRoundCornersButton.swift */ = {isa = PBXFileReference; lastKnownFileType = sourcecode.swift; path = HMFRoundCornersButton.swift; sourceTree = "<group>"; };
		63748F31269F585500DCDC37 /* HMFMainViews.swift */ = {isa = PBXFileReference; lastKnownFileType = sourcecode.swift; path = HMFMainViews.swift; sourceTree = "<group>"; };
		63748F33269F62EF00DCDC37 /* HMFProfileViewController.swift */ = {isa = PBXFileReference; lastKnownFileType = sourcecode.swift; path = HMFProfileViewController.swift; sourceTree = "<group>"; };
		63748F37269F680C00DCDC37 /* HMFBaseUIViewController.swift */ = {isa = PBXFileReference; lastKnownFileType = sourcecode.swift; path = HMFBaseUIViewController.swift; sourceTree = "<group>"; };
		63748F39269F684000DCDC37 /* UIViewControllerExtension.swift */ = {isa = PBXFileReference; lastKnownFileType = sourcecode.swift; path = UIViewControllerExtension.swift; sourceTree = "<group>"; };
		63748F3B269F6DFB00DCDC37 /* UIImageExtension.swift */ = {isa = PBXFileReference; lastKnownFileType = sourcecode.swift; path = UIImageExtension.swift; sourceTree = "<group>"; };
		63748F3D269F715100DCDC37 /* UIColorEstension.swift */ = {isa = PBXFileReference; lastKnownFileType = sourcecode.swift; path = UIColorEstension.swift; sourceTree = "<group>"; };
		63748F3F269F74C500DCDC37 /* UIImageViewExtansion.swift */ = {isa = PBXFileReference; lastKnownFileType = sourcecode.swift; path = UIImageViewExtansion.swift; sourceTree = "<group>"; };
		63748F47269F8B2F00DCDC37 /* HMFProfileHeaderCell.swift */ = {isa = PBXFileReference; lastKnownFileType = sourcecode.swift; path = HMFProfileHeaderCell.swift; sourceTree = "<group>"; };
		63748F48269F8B2F00DCDC37 /* HMFProfileHeaderCell.xib */ = {isa = PBXFileReference; lastKnownFileType = file.xib; path = HMFProfileHeaderCell.xib; sourceTree = "<group>"; };
		63748F4D269F8D5500DCDC37 /* UIViewExtension.swift */ = {isa = PBXFileReference; lastKnownFileType = sourcecode.swift; path = UIViewExtension.swift; sourceTree = "<group>"; };
		63748F4F269F963C00DCDC37 /* HMFPostCell.swift */ = {isa = PBXFileReference; lastKnownFileType = sourcecode.swift; path = HMFPostCell.swift; sourceTree = "<group>"; };
		63748F51269F96AC00DCDC37 /* HMFProfileFilterCell.swift */ = {isa = PBXFileReference; lastKnownFileType = sourcecode.swift; path = HMFProfileFilterCell.swift; sourceTree = "<group>"; };
		63748F53269F973100DCDC37 /* HMFProfileFilterView.swift */ = {isa = PBXFileReference; lastKnownFileType = sourcecode.swift; path = HMFProfileFilterView.swift; sourceTree = "<group>"; };
		63748FD5269F97E300DCDC37 /* HMFCalculatUtil.swift */ = {isa = PBXFileReference; lastKnownFileType = sourcecode.swift; path = HMFCalculatUtil.swift; sourceTree = "<group>"; };
		63748FDA269FE8D500DCDC37 /* UserDefaultWrapped.swift */ = {isa = PBXFileReference; lastKnownFileType = sourcecode.swift; path = UserDefaultWrapped.swift; sourceTree = "<group>"; };
		63748FDC269FEFCC00DCDC37 /* HMFRoundCornersImageView.swift */ = {isa = PBXFileReference; lastKnownFileType = sourcecode.swift; path = HMFRoundCornersImageView.swift; sourceTree = "<group>"; };
		63748FDE269FF2E300DCDC37 /* HMFInfoLabelView.swift */ = {isa = PBXFileReference; lastKnownFileType = sourcecode.swift; path = HMFInfoLabelView.swift; sourceTree = "<group>"; };
		63748FE0269FF2E900DCDC37 /* HMFInfoLabelView.xib */ = {isa = PBXFileReference; lastKnownFileType = file.xib; path = HMFInfoLabelView.xib; sourceTree = "<group>"; };
/* End PBXFileReference section */

/* Begin PBXFrameworksBuildPhase section */
		63748D7F269F1C0F00DCDC37 /* Frameworks */ = {
			isa = PBXFrameworksBuildPhase;
			buildActionMask = 2147483647;
			files = (
			);
			runOnlyForDeploymentPostprocessing = 0;
		};
/* End PBXFrameworksBuildPhase section */

/* Begin PBXGroup section */
		63748D79269F1C0F00DCDC37 = {
			isa = PBXGroup;
			children = (
				63748D84269F1C0F00DCDC37 /* HelloMyFood */,
				63748D83269F1C0F00DCDC37 /* Products */,
			);
			sourceTree = "<group>";
		};
		63748D83269F1C0F00DCDC37 /* Products */ = {
			isa = PBXGroup;
			children = (
				63748D82269F1C0F00DCDC37 /* HelloMyFood.app */,
			);
			name = Products;
			sourceTree = "<group>";
		};
		63748D84269F1C0F00DCDC37 /* HelloMyFood */ = {
			isa = PBXGroup;
			children = (
				63748F30269F582300DCDC37 /* View */,
				63748DA5269F278000DCDC37 /* Manager */,
				63748F28269F41B100DCDC37 /* Extension */,
				63748D99269F1C7D00DCDC37 /* Model */,
				63748D9B269F1C8A00DCDC37 /* Controller */,
				63748D9E269F1CD700DCDC37 /* Storyboard */,
				63748D9D269F1CA600DCDC37 /* SupportFile */,
			);
			path = HelloMyFood;
			sourceTree = "<group>";
		};
		63748D99269F1C7D00DCDC37 /* Model */ = {
			isa = PBXGroup;
			children = (
				63748DA3269F264800DCDC37 /* HMFModel.swift */,
			);
			path = Model;
			sourceTree = "<group>";
		};
		63748D9B269F1C8A00DCDC37 /* Controller */ = {
			isa = PBXGroup;
			children = (
				63748F37269F680C00DCDC37 /* HMFBaseUIViewController.swift */,
				63748D89269F1C0F00DCDC37 /* HMFMainViewController.swift */,
				63748F33269F62EF00DCDC37 /* HMFProfileViewController.swift */,
			);
			path = Controller;
			sourceTree = "<group>";
		};
		63748D9D269F1CA600DCDC37 /* SupportFile */ = {
			isa = PBXGroup;
			children = (
				63748D8E269F1C1100DCDC37 /* Assets.xcassets */,
				63748D85269F1C0F00DCDC37 /* AppDelegate.swift */,
				63748D93269F1C1100DCDC37 /* Info.plist */,
				63748D9F269F1D1800DCDC37 /* HelloMyFood-Bridging-Header.h */,
			);
			path = SupportFile;
			sourceTree = "<group>";
		};
		63748D9E269F1CD700DCDC37 /* Storyboard */ = {
			isa = PBXGroup;
			children = (
				63748D8B269F1C0F00DCDC37 /* Main.storyboard */,
				63748D90269F1C1100DCDC37 /* LaunchScreen.storyboard */,
			);
			path = Storyboard;
			sourceTree = "<group>";
		};
		63748DA5269F278000DCDC37 /* Manager */ = {
			isa = PBXGroup;
			children = (
				63748DA6269F27AB00DCDC37 /* HMFEnvironmentManager.swift */,
			);
			path = Manager;
			sourceTree = "<group>";
		};
		63748F28269F41B100DCDC37 /* Extension */ = {
			isa = PBXGroup;
			children = (
				63748F29269F41BF00DCDC37 /* ThreadExtension.swift */,
				63748F3D269F715100DCDC37 /* UIColorEstension.swift */,
				63748F3B269F6DFB00DCDC37 /* UIImageExtension.swift */,
				63748F4D269F8D5500DCDC37 /* UIViewExtension.swift */,
				63748F3F269F74C500DCDC37 /* UIImageViewExtansion.swift */,
				63748F39269F684000DCDC37 /* UIViewControllerExtension.swift */,
				63748FD7269F97E600DCDC37 /* Util */,
			);
			path = Extension;
			sourceTree = "<group>";
		};
		63748F30269F582300DCDC37 /* View */ = {
			isa = PBXGroup;
			children = (
				63748F31269F585500DCDC37 /* HMFMainViews.swift */,
				63748F4F269F963C00DCDC37 /* HMFPostCell.swift */,
				63748F53269F973100DCDC37 /* HMFProfileFilterView.swift */,
				63748F51269F96AC00DCDC37 /* HMFProfileFilterCell.swift */,
				63748F47269F8B2F00DCDC37 /* HMFProfileHeaderCell.swift */,
				63748F48269F8B2F00DCDC37 /* HMFProfileHeaderCell.xib */,
				63748F2E269F4B3C00DCDC37 /* HMFRoundCornersButton.swift */,
				63748FDC269FEFCC00DCDC37 /* HMFRoundCornersImageView.swift */,
				63748FDE269FF2E300DCDC37 /* HMFInfoLabelView.swift */,
				63748FE0269FF2E900DCDC37 /* HMFInfoLabelView.xib */,
			);
			path = View;
			sourceTree = "<group>";
		};
		63748FD7269F97E600DCDC37 /* Util */ = {
			isa = PBXGroup;
			children = (
				63748FD5269F97E300DCDC37 /* HMFCalculatUtil.swift */,
				63748FDA269FE8D500DCDC37 /* UserDefaultWrapped.swift */,
			);
			path = Util;
			sourceTree = "<group>";
		};
/* End PBXGroup section */

/* Begin PBXNativeTarget section */
		63748D81269F1C0F00DCDC37 /* HelloMyFood */ = {
			isa = PBXNativeTarget;
			buildConfigurationList = 63748D96269F1C1100DCDC37 /* Build configuration list for PBXNativeTarget "HelloMyFood" */;
			buildPhases = (
				63748D7E269F1C0F00DCDC37 /* Sources */,
				63748D7F269F1C0F00DCDC37 /* Frameworks */,
				63748D80269F1C0F00DCDC37 /* Resources */,
			);
			buildRules = (
			);
			dependencies = (
			);
			name = HelloMyFood;
			productName = HelloMyFood;
			productReference = 63748D82269F1C0F00DCDC37 /* HelloMyFood.app */;
			productType = "com.apple.product-type.application";
		};
/* End PBXNativeTarget section */

/* Begin PBXProject section */
		63748D7A269F1C0F00DCDC37 /* Project object */ = {
			isa = PBXProject;
			attributes = {
				LastSwiftUpdateCheck = 1250;
				LastUpgradeCheck = 1250;
				TargetAttributes = {
					63748D81269F1C0F00DCDC37 = {
						CreatedOnToolsVersion = 12.5;
						LastSwiftMigration = 1250;
					};
				};
			};
			buildConfigurationList = 63748D7D269F1C0F00DCDC37 /* Build configuration list for PBXProject "HelloMyFood" */;
			compatibilityVersion = "Xcode 9.3";
			developmentRegion = en;
			hasScannedForEncodings = 0;
			knownRegions = (
				en,
				Base,
			);
			mainGroup = 63748D79269F1C0F00DCDC37;
			productRefGroup = 63748D83269F1C0F00DCDC37 /* Products */;
			projectDirPath = "";
			projectRoot = "";
			targets = (
				63748D81269F1C0F00DCDC37 /* HelloMyFood */,
			);
		};
/* End PBXProject section */

/* Begin PBXResourcesBuildPhase section */
		63748D80269F1C0F00DCDC37 /* Resources */ = {
			isa = PBXResourcesBuildPhase;
			buildActionMask = 2147483647;
			files = (
				63748D92269F1C1100DCDC37 /* LaunchScreen.storyboard in Resources */,
				63748D8F269F1C1100DCDC37 /* Assets.xcassets in Resources */,
				63748F4A269F8B2F00DCDC37 /* HMFProfileHeaderCell.xib in Resources */,
				63748D8D269F1C0F00DCDC37 /* Main.storyboard in Resources */,
				63748FE1269FF2E900DCDC37 /* HMFInfoLabelView.xib in Resources */,
			);
			runOnlyForDeploymentPostprocessing = 0;
		};
/* End PBXResourcesBuildPhase section */

/* Begin PBXSourcesBuildPhase section */
		63748D7E269F1C0F00DCDC37 /* Sources */ = {
			isa = PBXSourcesBuildPhase;
			buildActionMask = 2147483647;
			files = (
				63748F32269F585500DCDC37 /* HMFMainViews.swift in Sources */,
				63748D8A269F1C0F00DCDC37 /* HMFMainViewController.swift in Sources */,
				63748FD6269F97E300DCDC37 /* HMFCalculatUtil.swift in Sources */,
				63748FDD269FEFCC00DCDC37 /* HMFRoundCornersImageView.swift in Sources */,
				63748F50269F963C00DCDC37 /* HMFPostCell.swift in Sources */,
				63748D86269F1C0F00DCDC37 /* AppDelegate.swift in Sources */,
				63748F2A269F41BF00DCDC37 /* ThreadExtension.swift in Sources */,
				63748F4E269F8D5500DCDC37 /* UIViewExtension.swift in Sources */,
				63748F38269F680C00DCDC37 /* HMFBaseUIViewController.swift in Sources */,
				63748F34269F62EF00DCDC37 /* HMFProfileViewController.swift in Sources */,
				63748F54269F973200DCDC37 /* HMFProfileFilterView.swift in Sources */,
				63748F52269F96AC00DCDC37 /* HMFProfileFilterCell.swift in Sources */,
				63748F2F269F4B3C00DCDC37 /* HMFRoundCornersButton.swift in Sources */,
				63748FDF269FF2E300DCDC37 /* HMFInfoLabelView.swift in Sources */,
				63748F40269F74C500DCDC37 /* UIImageViewExtansion.swift in Sources */,
				63748F49269F8B2F00DCDC37 /* HMFProfileHeaderCell.swift in Sources */,
				63748DA4269F264800DCDC37 /* HMFModel.swift in Sources */,
				63748F3A269F684000DCDC37 /* UIViewControllerExtension.swift in Sources */,
				63748DA7269F27AB00DCDC37 /* HMFEnvironmentManager.swift in Sources */,
				63748F3C269F6DFB00DCDC37 /* UIImageExtension.swift in Sources */,
				63748FDB269FE8D500DCDC37 /* UserDefaultWrapped.swift in Sources */,
				63748F3E269F715100DCDC37 /* UIColorEstension.swift in Sources */,
			);
			runOnlyForDeploymentPostprocessing = 0;
		};
/* End PBXSourcesBuildPhase section */

/* Begin PBXVariantGroup section */
		63748D8B269F1C0F00DCDC37 /* Main.storyboard */ = {
			isa = PBXVariantGroup;
			children = (
				63748D8C269F1C0F00DCDC37 /* Base */,
			);
			name = Main.storyboard;
			sourceTree = "<group>";
		};
		63748D90269F1C1100DCDC37 /* LaunchScreen.storyboard */ = {
			isa = PBXVariantGroup;
			children = (
				63748D91269F1C1100DCDC37 /* Base */,
			);
			name = LaunchScreen.storyboard;
			sourceTree = "<group>";
		};
/* End PBXVariantGroup section */

/* Begin XCBuildConfiguration section */
		63748D94269F1C1100DCDC37 /* Debug */ = {
			isa = XCBuildConfiguration;
			buildSettings = {
				ALWAYS_SEARCH_USER_PATHS = NO;
				CLANG_ANALYZER_NONNULL = YES;
				CLANG_ANALYZER_NUMBER_OBJECT_CONVERSION = YES_AGGRESSIVE;
				CLANG_CXX_LANGUAGE_STANDARD = "gnu++14";
				CLANG_CXX_LIBRARY = "libc++";
				CLANG_ENABLE_MODULES = YES;
				CLANG_ENABLE_OBJC_ARC = YES;
				CLANG_ENABLE_OBJC_WEAK = YES;
				CLANG_WARN_BLOCK_CAPTURE_AUTORELEASING = YES;
				CLANG_WARN_BOOL_CONVERSION = YES;
				CLANG_WARN_COMMA = YES;
				CLANG_WARN_CONSTANT_CONVERSION = YES;
				CLANG_WARN_DEPRECATED_OBJC_IMPLEMENTATIONS = YES;
				CLANG_WARN_DIRECT_OBJC_ISA_USAGE = YES_ERROR;
				CLANG_WARN_DOCUMENTATION_COMMENTS = YES;
				CLANG_WARN_EMPTY_BODY = YES;
				CLANG_WARN_ENUM_CONVERSION = YES;
				CLANG_WARN_INFINITE_RECURSION = YES;
				CLANG_WARN_INT_CONVERSION = YES;
				CLANG_WARN_NON_LITERAL_NULL_CONVERSION = YES;
				CLANG_WARN_OBJC_IMPLICIT_RETAIN_SELF = YES;
				CLANG_WARN_OBJC_LITERAL_CONVERSION = YES;
				CLANG_WARN_OBJC_ROOT_CLASS = YES_ERROR;
				CLANG_WARN_QUOTED_INCLUDE_IN_FRAMEWORK_HEADER = YES;
				CLANG_WARN_RANGE_LOOP_ANALYSIS = YES;
				CLANG_WARN_STRICT_PROTOTYPES = YES;
				CLANG_WARN_SUSPICIOUS_MOVE = YES;
				CLANG_WARN_UNGUARDED_AVAILABILITY = YES_AGGRESSIVE;
				CLANG_WARN_UNREACHABLE_CODE = YES;
				CLANG_WARN__DUPLICATE_METHOD_MATCH = YES;
				COPY_PHASE_STRIP = NO;
				DEBUG_INFORMATION_FORMAT = dwarf;
				ENABLE_STRICT_OBJC_MSGSEND = YES;
				ENABLE_TESTABILITY = YES;
				GCC_C_LANGUAGE_STANDARD = gnu11;
				GCC_DYNAMIC_NO_PIC = NO;
				GCC_NO_COMMON_BLOCKS = YES;
				GCC_OPTIMIZATION_LEVEL = 0;
				GCC_PREPROCESSOR_DEFINITIONS = (
					"DEBUG=1",
					"$(inherited)",
				);
				GCC_WARN_64_TO_32_BIT_CONVERSION = YES;
				GCC_WARN_ABOUT_RETURN_TYPE = YES_ERROR;
				GCC_WARN_UNDECLARED_SELECTOR = YES;
				GCC_WARN_UNINITIALIZED_AUTOS = YES_AGGRESSIVE;
				GCC_WARN_UNUSED_FUNCTION = YES;
				GCC_WARN_UNUSED_VARIABLE = YES;
				IPHONEOS_DEPLOYMENT_TARGET = 14.5;
				MTL_ENABLE_DEBUG_INFO = INCLUDE_SOURCE;
				MTL_FAST_MATH = YES;
				ONLY_ACTIVE_ARCH = YES;
				SDKROOT = iphoneos;
				SWIFT_ACTIVE_COMPILATION_CONDITIONS = DEBUG;
				SWIFT_OPTIMIZATION_LEVEL = "-Onone";
			};
			name = Debug;
		};
		63748D95269F1C1100DCDC37 /* Release */ = {
			isa = XCBuildConfiguration;
			buildSettings = {
				ALWAYS_SEARCH_USER_PATHS = NO;
				CLANG_ANALYZER_NONNULL = YES;
				CLANG_ANALYZER_NUMBER_OBJECT_CONVERSION = YES_AGGRESSIVE;
				CLANG_CXX_LANGUAGE_STANDARD = "gnu++14";
				CLANG_CXX_LIBRARY = "libc++";
				CLANG_ENABLE_MODULES = YES;
				CLANG_ENABLE_OBJC_ARC = YES;
				CLANG_ENABLE_OBJC_WEAK = YES;
				CLANG_WARN_BLOCK_CAPTURE_AUTORELEASING = YES;
				CLANG_WARN_BOOL_CONVERSION = YES;
				CLANG_WARN_COMMA = YES;
				CLANG_WARN_CONSTANT_CONVERSION = YES;
				CLANG_WARN_DEPRECATED_OBJC_IMPLEMENTATIONS = YES;
				CLANG_WARN_DIRECT_OBJC_ISA_USAGE = YES_ERROR;
				CLANG_WARN_DOCUMENTATION_COMMENTS = YES;
				CLANG_WARN_EMPTY_BODY = YES;
				CLANG_WARN_ENUM_CONVERSION = YES;
				CLANG_WARN_INFINITE_RECURSION = YES;
				CLANG_WARN_INT_CONVERSION = YES;
				CLANG_WARN_NON_LITERAL_NULL_CONVERSION = YES;
				CLANG_WARN_OBJC_IMPLICIT_RETAIN_SELF = YES;
				CLANG_WARN_OBJC_LITERAL_CONVERSION = YES;
				CLANG_WARN_OBJC_ROOT_CLASS = YES_ERROR;
				CLANG_WARN_QUOTED_INCLUDE_IN_FRAMEWORK_HEADER = YES;
				CLANG_WARN_RANGE_LOOP_ANALYSIS = YES;
				CLANG_WARN_STRICT_PROTOTYPES = YES;
				CLANG_WARN_SUSPICIOUS_MOVE = YES;
				CLANG_WARN_UNGUARDED_AVAILABILITY = YES_AGGRESSIVE;
				CLANG_WARN_UNREACHABLE_CODE = YES;
				CLANG_WARN__DUPLICATE_METHOD_MATCH = YES;
				COPY_PHASE_STRIP = NO;
				DEBUG_INFORMATION_FORMAT = "dwarf-with-dsym";
				ENABLE_NS_ASSERTIONS = NO;
				ENABLE_STRICT_OBJC_MSGSEND = YES;
				GCC_C_LANGUAGE_STANDARD = gnu11;
				GCC_NO_COMMON_BLOCKS = YES;
				GCC_WARN_64_TO_32_BIT_CONVERSION = YES;
				GCC_WARN_ABOUT_RETURN_TYPE = YES_ERROR;
				GCC_WARN_UNDECLARED_SELECTOR = YES;
				GCC_WARN_UNINITIALIZED_AUTOS = YES_AGGRESSIVE;
				GCC_WARN_UNUSED_FUNCTION = YES;
				GCC_WARN_UNUSED_VARIABLE = YES;
				IPHONEOS_DEPLOYMENT_TARGET = 14.5;
				MTL_ENABLE_DEBUG_INFO = NO;
				MTL_FAST_MATH = YES;
				SDKROOT = iphoneos;
				SWIFT_COMPILATION_MODE = wholemodule;
				SWIFT_OPTIMIZATION_LEVEL = "-O";
				VALIDATE_PRODUCT = YES;
			};
			name = Release;
		};
		63748D97269F1C1100DCDC37 /* Debug */ = {
			isa = XCBuildConfiguration;
			buildSettings = {
				ASSETCATALOG_COMPILER_APPICON_NAME = AppIcon;
				ASSETCATALOG_COMPILER_GLOBAL_ACCENT_COLOR_NAME = AccentColor;
				CLANG_ENABLE_MODULES = YES;
				CODE_SIGN_STYLE = Manual;
				DEVELOPMENT_TEAM = "";
				INFOPLIST_FILE = HelloMyFood/SupportFile/Info.plist;
				IPHONEOS_DEPLOYMENT_TARGET = 13.0;
				LD_RUNPATH_SEARCH_PATHS = (
					"$(inherited)",
					"@executable_path/Frameworks",
				);
				MARKETING_VERSION = 1.0.0;
				PRODUCT_BUNDLE_IDENTIFIER = com.hellomyfood.league2eb;
				PRODUCT_NAME = "$(TARGET_NAME)";
				PROVISIONING_PROFILE_SPECIFIER = "";
				SWIFT_OBJC_BRIDGING_HEADER = "HelloMyFood/SupportFile/HelloMyFood-Bridging-Header.h";
				SWIFT_OPTIMIZATION_LEVEL = "-Onone";
				SWIFT_VERSION = 5.0;
				TARGETED_DEVICE_FAMILY = 1;
			};
			name = Debug;
		};
		63748D98269F1C1100DCDC37 /* Release */ = {
			isa = XCBuildConfiguration;
			buildSettings = {
				ASSETCATALOG_COMPILER_APPICON_NAME = AppIcon;
				ASSETCATALOG_COMPILER_GLOBAL_ACCENT_COLOR_NAME = AccentColor;
				CLANG_ENABLE_MODULES = YES;
				CODE_SIGN_STYLE = Manual;
				DEVELOPMENT_TEAM = "";
				INFOPLIST_FILE = HelloMyFood/SupportFile/Info.plist;
				IPHONEOS_DEPLOYMENT_TARGET = 13.0;
				LD_RUNPATH_SEARCH_PATHS = (
					"$(inherited)",
					"@executable_path/Frameworks",
				);
				MARKETING_VERSION = 1.0.0;
				PRODUCT_BUNDLE_IDENTIFIER = com.hellomyfood.league2eb;
				PRODUCT_NAME = "$(TARGET_NAME)";
				PROVISIONING_PROFILE_SPECIFIER = "";
				SWIFT_OBJC_BRIDGING_HEADER = "HelloMyFood/SupportFile/HelloMyFood-Bridging-Header.h";
				SWIFT_VERSION = 5.0;
				TARGETED_DEVICE_FAMILY = 1;
			};
			name = Release;
		};
/* End XCBuildConfiguration section */

/* Begin XCConfigurationList section */
		63748D7D269F1C0F00DCDC37 /* Build configuration list for PBXProject "HelloMyFood" */ = {
			isa = XCConfigurationList;
			buildConfigurations = (
				63748D94269F1C1100DCDC37 /* Debug */,
				63748D95269F1C1100DCDC37 /* Release */,
			);
			defaultConfigurationIsVisible = 0;
			defaultConfigurationName = Release;
		};
		63748D96269F1C1100DCDC37 /* Build configuration list for PBXNativeTarget "HelloMyFood" */ = {
			isa = XCConfigurationList;
			buildConfigurations = (
				63748D97269F1C1100DCDC37 /* Debug */,
				63748D98269F1C1100DCDC37 /* Release */,
			);
			defaultConfigurationIsVisible = 0;
			defaultConfigurationName = Release;
		};
/* End XCConfigurationList section */
	};
	rootObject = 63748D7A269F1C0F00DCDC37 /* Project object */;
}
